// !$*UTF8*$!
{
	archiveVersion = 1;
	classes = {
	};
	objectVersion = 55;
	objects = {

/* Begin PBXBuildFile section */
		9A78DFBD26FBC2E80064A38C /* AppPrivacyReportViewerApp.swift in Sources */ = {isa = PBXBuildFile; fileRef = 9A78DFAD26FBC2E50064A38C /* AppPrivacyReportViewerApp.swift */; };
		9A78DFBE26FBC2E80064A38C /* AppPrivacyReportViewerApp.swift in Sources */ = {isa = PBXBuildFile; fileRef = 9A78DFAD26FBC2E50064A38C /* AppPrivacyReportViewerApp.swift */; };
		9A78DFBF26FBC2E80064A38C /* ContentView.swift in Sources */ = {isa = PBXBuildFile; fileRef = 9A78DFAE26FBC2E50064A38C /* ContentView.swift */; };
		9A78DFC026FBC2E80064A38C /* ContentView.swift in Sources */ = {isa = PBXBuildFile; fileRef = 9A78DFAE26FBC2E50064A38C /* ContentView.swift */; };
		9A78DFC126FBC2E80064A38C /* Assets.xcassets in Resources */ = {isa = PBXBuildFile; fileRef = 9A78DFAF26FBC2E80064A38C /* Assets.xcassets */; };
		9A78DFC226FBC2E80064A38C /* Assets.xcassets in Resources */ = {isa = PBXBuildFile; fileRef = 9A78DFAF26FBC2E80064A38C /* Assets.xcassets */; };
/* End PBXBuildFile section */

/* Begin PBXFileReference section */
		9A78DFAD26FBC2E50064A38C /* AppPrivacyReportViewerApp.swift */ = {isa = PBXFileReference; lastKnownFileType = sourcecode.swift; path = AppPrivacyReportViewerApp.swift; sourceTree = "<group>"; };
		9A78DFAE26FBC2E50064A38C /* ContentView.swift */ = {isa = PBXFileReference; lastKnownFileType = sourcecode.swift; path = ContentView.swift; sourceTree = "<group>"; };
		9A78DFAF26FBC2E80064A38C /* Assets.xcassets */ = {isa = PBXFileReference; lastKnownFileType = folder.assetcatalog; path = Assets.xcassets; sourceTree = "<group>"; };
		9A78DFB426FBC2E80064A38C /* AppPrivacyReportViewer.app */ = {isa = PBXFileReference; explicitFileType = wrapper.application; includeInIndex = 0; path = AppPrivacyReportViewer.app; sourceTree = BUILT_PRODUCTS_DIR; };
		9A78DFBA26FBC2E80064A38C /* AppPrivacyReportViewer.app */ = {isa = PBXFileReference; explicitFileType = wrapper.application; includeInIndex = 0; path = AppPrivacyReportViewer.app; sourceTree = BUILT_PRODUCTS_DIR; };
		9A78DFBC26FBC2E80064A38C /* macOS.entitlements */ = {isa = PBXFileReference; lastKnownFileType = text.plist.entitlements; path = macOS.entitlements; sourceTree = "<group>"; };
/* End PBXFileReference section */

/* Begin PBXFrameworksBuildPhase section */
		9A78DFB126FBC2E80064A38C /* Frameworks */ = {
			isa = PBXFrameworksBuildPhase;
			buildActionMask = 2147483647;
			files = (
			);
			runOnlyForDeploymentPostprocessing = 0;
		};
		9A78DFB726FBC2E80064A38C /* Frameworks */ = {
			isa = PBXFrameworksBuildPhase;
			buildActionMask = 2147483647;
			files = (
			);
			runOnlyForDeploymentPostprocessing = 0;
		};
/* End PBXFrameworksBuildPhase section */

/* Begin PBXGroup section */
		9A78DFA726FBC2E50064A38C = {
			isa = PBXGroup;
			children = (
				9A78DFAC26FBC2E50064A38C /* Shared */,
				9A78DFBB26FBC2E80064A38C /* macOS */,
				9A78DFB526FBC2E80064A38C /* Products */,
			);
			sourceTree = "<group>";
		};
		9A78DFAC26FBC2E50064A38C /* Shared */ = {
			isa = PBXGroup;
			children = (
				9A78DFAD26FBC2E50064A38C /* AppPrivacyReportViewerApp.swift */,
				9A78DFAE26FBC2E50064A38C /* ContentView.swift */,
				9A78DFAF26FBC2E80064A38C /* Assets.xcassets */,
			);
			path = Shared;
			sourceTree = "<group>";
		};
		9A78DFB526FBC2E80064A38C /* Products */ = {
			isa = PBXGroup;
			children = (
				9A78DFB426FBC2E80064A38C /* AppPrivacyReportViewer.app */,
				9A78DFBA26FBC2E80064A38C /* AppPrivacyReportViewer.app */,
			);
			name = Products;
			sourceTree = "<group>";
		};
		9A78DFBB26FBC2E80064A38C /* macOS */ = {
			isa = PBXGroup;
			children = (
				9A78DFBC26FBC2E80064A38C /* macOS.entitlements */,
			);
			path = macOS;
			sourceTree = "<group>";
		};
/* End PBXGroup section */

/* Begin PBXNativeTarget section */
		9A78DFB326FBC2E80064A38C /* AppPrivacyReportViewer (iOS) */ = {
			isa = PBXNativeTarget;
			buildConfigurationList = 9A78DFC526FBC2E80064A38C /* Build configuration list for PBXNativeTarget "AppPrivacyReportViewer (iOS)" */;
			buildPhases = (
				9A78DFB026FBC2E80064A38C /* Sources */,
				9A78DFB126FBC2E80064A38C /* Frameworks */,
				9A78DFB226FBC2E80064A38C /* Resources */,
			);
			buildRules = (
			);
			dependencies = (
			);
			name = "AppPrivacyReportViewer (iOS)";
			productName = "AppPrivacyReportViewer (iOS)";
			productReference = 9A78DFB426FBC2E80064A38C /* AppPrivacyReportViewer.app */;
			productType = "com.apple.product-type.application";
		};
		9A78DFB926FBC2E80064A38C /* AppPrivacyReportViewer (macOS) */ = {
			isa = PBXNativeTarget;
			buildConfigurationList = 9A78DFC826FBC2E80064A38C /* Build configuration list for PBXNativeTarget "AppPrivacyReportViewer (macOS)" */;
			buildPhases = (
				9A78DFB626FBC2E80064A38C /* Sources */,
				9A78DFB726FBC2E80064A38C /* Frameworks */,
				9A78DFB826FBC2E80064A38C /* Resources */,
			);
			buildRules = (
			);
			dependencies = (
			);
			name = "AppPrivacyReportViewer (macOS)";
			productName = "AppPrivacyReportViewer (macOS)";
			productReference = 9A78DFBA26FBC2E80064A38C /* AppPrivacyReportViewer.app */;
			productType = "com.apple.product-type.application";
		};
/* End PBXNativeTarget section */

/* Begin PBXProject section */
		9A78DFA826FBC2E50064A38C /* Project object */ = {
			isa = PBXProject;
			attributes = {
				BuildIndependentTargetsInParallel = 1;
				LastSwiftUpdateCheck = 1300;
				LastUpgradeCheck = 1300;
				TargetAttributes = {
					9A78DFB326FBC2E80064A38C = {
						CreatedOnToolsVersion = 13.0;
					};
					9A78DFB926FBC2E80064A38C = {
						CreatedOnToolsVersion = 13.0;
					};
				};
			};
			buildConfigurationList = 9A78DFAB26FBC2E50064A38C /* Build configuration list for PBXProject "AppPrivacyReportViewer" */;
			compatibilityVersion = "Xcode 13.0";
			developmentRegion = en;
			hasScannedForEncodings = 0;
			knownRegions = (
				en,
				Base,
			);
			mainGroup = 9A78DFA726FBC2E50064A38C;
			productRefGroup = 9A78DFB526FBC2E80064A38C /* Products */;
			projectDirPath = "";
			projectRoot = "";
			targets = (
				9A78DFB326FBC2E80064A38C /* AppPrivacyReportViewer (iOS) */,
				9A78DFB926FBC2E80064A38C /* AppPrivacyReportViewer (macOS) */,
			);
		};
/* End PBXProject section */

/* Begin PBXResourcesBuildPhase section */
		9A78DFB226FBC2E80064A38C /* Resources */ = {
			isa = PBXResourcesBuildPhase;
			buildActionMask = 2147483647;
			files = (
				9A78DFC126FBC2E80064A38C /* Assets.xcassets in Resources */,
			);
			runOnlyForDeploymentPostprocessing = 0;
		};
		9A78DFB826FBC2E80064A38C /* Resources */ = {
			isa = PBXResourcesBuildPhase;
			buildActionMask = 2147483647;
			files = (
				9A78DFC226FBC2E80064A38C /* Assets.xcassets in Resources */,
			);
			runOnlyForDeploymentPostprocessing = 0;
		};
/* End PBXResourcesBuildPhase section */

/* Begin PBXSourcesBuildPhase section */
		9A78DFB026FBC2E80064A38C /* Sources */ = {
			isa = PBXSourcesBuildPhase;
			buildActionMask = 2147483647;
			files = (
				9A78DFBF26FBC2E80064A38C /* ContentView.swift in Sources */,
				9A78DFBD26FBC2E80064A38C /* AppPrivacyReportViewerApp.swift in Sources */,
			);
			runOnlyForDeploymentPostprocessing = 0;
		};
		9A78DFB626FBC2E80064A38C /* Sources */ = {
			isa = PBXSourcesBuildPhase;
			buildActionMask = 2147483647;
			files = (
				9A78DFC026FBC2E80064A38C /* ContentView.swift in Sources */,
				9A78DFBE26FBC2E80064A38C /* AppPrivacyReportViewerApp.swift in Sources */,
			);
			runOnlyForDeploymentPostprocessing = 0;
		};
/* End PBXSourcesBuildPhase section */

/* Begin XCBuildConfiguration section */
		9A78DFC326FBC2E80064A38C /* Debug */ = {
			isa = XCBuildConfiguration;
			buildSettings = {
				ALWAYS_SEARCH_USER_PATHS = NO;
				CLANG_ANALYZER_NONNULL = YES;
				CLANG_ANALYZER_NUMBER_OBJECT_CONVERSION = YES_AGGRESSIVE;
				CLANG_CXX_LANGUAGE_STANDARD = "gnu++17";
				CLANG_CXX_LIBRARY = "libc++";
				CLANG_ENABLE_MODULES = YES;
				CLANG_ENABLE_OBJC_ARC = YES;
				CLANG_ENABLE_OBJC_WEAK = YES;
				CLANG_WARN_BLOCK_CAPTURE_AUTORELEASING = YES;
				CLANG_WARN_BOOL_CONVERSION = YES;
				CLANG_WARN_COMMA = YES;
				CLANG_WARN_CONSTANT_CONVERSION = YES;
				CLANG_WARN_DEPRECATED_OBJC_IMPLEMENTATIONS = YES;
				CLANG_WARN_DIRECT_OBJC_ISA_USAGE = YES_ERROR;
				CLANG_WARN_DOCUMENTATION_COMMENTS = YES;
				CLANG_WARN_EMPTY_BODY = YES;
				CLANG_WARN_ENUM_CONVERSION = YES;
				CLANG_WARN_INFINITE_RECURSION = YES;
				CLANG_WARN_INT_CONVERSION = YES;
				CLANG_WARN_NON_LITERAL_NULL_CONVERSION = YES;
				CLANG_WARN_OBJC_IMPLICIT_RETAIN_SELF = YES;
				CLANG_WARN_OBJC_LITERAL_CONVERSION = YES;
				CLANG_WARN_OBJC_ROOT_CLASS = YES_ERROR;
				CLANG_WARN_QUOTED_INCLUDE_IN_FRAMEWORK_HEADER = YES;
				CLANG_WARN_RANGE_LOOP_ANALYSIS = YES;
				CLANG_WARN_STRICT_PROTOTYPES = YES;
				CLANG_WARN_SUSPICIOUS_MOVE = YES;
				CLANG_WARN_UNGUARDED_AVAILABILITY = YES_AGGRESSIVE;
				CLANG_WARN_UNREACHABLE_CODE = YES;
				CLANG_WARN__DUPLICATE_METHOD_MATCH = YES;
				COPY_PHASE_STRIP = NO;
				DEBUG_INFORMATION_FORMAT = dwarf;
				ENABLE_STRICT_OBJC_MSGSEND = YES;
				ENABLE_TESTABILITY = YES;
				GCC_C_LANGUAGE_STANDARD = gnu11;
				GCC_DYNAMIC_NO_PIC = NO;
				GCC_NO_COMMON_BLOCKS = YES;
				GCC_OPTIMIZATION_LEVEL = 0;
				GCC_PREPROCESSOR_DEFINITIONS = (
					"DEBUG=1",
					"$(inherited)",
				);
				GCC_WARN_64_TO_32_BIT_CONVERSION = YES;
				GCC_WARN_ABOUT_RETURN_TYPE = YES_ERROR;
				GCC_WARN_UNDECLARED_SELECTOR = YES;
				GCC_WARN_UNINITIALIZED_AUTOS = YES_AGGRESSIVE;
				GCC_WARN_UNUSED_FUNCTION = YES;
				GCC_WARN_UNUSED_VARIABLE = YES;
				MTL_ENABLE_DEBUG_INFO = INCLUDE_SOURCE;
				MTL_FAST_MATH = YES;
				ONLY_ACTIVE_ARCH = YES;
				SWIFT_ACTIVE_COMPILATION_CONDITIONS = DEBUG;
				SWIFT_OPTIMIZATION_LEVEL = "-Onone";
			};
			name = Debug;
		};
		9A78DFC426FBC2E80064A38C /* Release */ = {
			isa = XCBuildConfiguration;
			buildSettings = {
				ALWAYS_SEARCH_USER_PATHS = NO;
				CLANG_ANALYZER_NONNULL = YES;
				CLANG_ANALYZER_NUMBER_OBJECT_CONVERSION = YES_AGGRESSIVE;
				CLANG_CXX_LANGUAGE_STANDARD = "gnu++17";
				CLANG_CXX_LIBRARY = "libc++";
				CLANG_ENABLE_MODULES = YES;
				CLANG_ENABLE_OBJC_ARC = YES;
				CLANG_ENABLE_OBJC_WEAK = YES;
				CLANG_WARN_BLOCK_CAPTURE_AUTORELEASING = YES;
				CLANG_WARN_BOOL_CONVERSION = YES;
				CLANG_WARN_COMMA = YES;
				CLANG_WARN_CONSTANT_CONVERSION = YES;
				CLANG_WARN_DEPRECATED_OBJC_IMPLEMENTATIONS = YES;
				CLANG_WARN_DIRECT_OBJC_ISA_USAGE = YES_ERROR;
				CLANG_WARN_DOCUMENTATION_COMMENTS = YES;
				CLANG_WARN_EMPTY_BODY = YES;
				CLANG_WARN_ENUM_CONVERSION = YES;
				CLANG_WARN_INFINITE_RECURSION = YES;
				CLANG_WARN_INT_CONVERSION = YES;
				CLANG_WARN_NON_LITERAL_NULL_CONVERSION = YES;
				CLANG_WARN_OBJC_IMPLICIT_RETAIN_SELF = YES;
				CLANG_WARN_OBJC_LITERAL_CONVERSION = YES;
				CLANG_WARN_OBJC_ROOT_CLASS = YES_ERROR;
				CLANG_WARN_QUOTED_INCLUDE_IN_FRAMEWORK_HEADER = YES;
				CLANG_WARN_RANGE_LOOP_ANALYSIS = YES;
				CLANG_WARN_STRICT_PROTOTYPES = YES;
				CLANG_WARN_SUSPICIOUS_MOVE = YES;
				CLANG_WARN_UNGUARDED_AVAILABILITY = YES_AGGRESSIVE;
				CLANG_WARN_UNREACHABLE_CODE = YES;
				CLANG_WARN__DUPLICATE_METHOD_MATCH = YES;
				COPY_PHASE_STRIP = NO;
				DEBUG_INFORMATION_FORMAT = "dwarf-with-dsym";
				ENABLE_NS_ASSERTIONS = NO;
				ENABLE_STRICT_OBJC_MSGSEND = YES;
				GCC_C_LANGUAGE_STANDARD = gnu11;
				GCC_NO_COMMON_BLOCKS = YES;
				GCC_WARN_64_TO_32_BIT_CONVERSION = YES;
				GCC_WARN_ABOUT_RETURN_TYPE = YES_ERROR;
				GCC_WARN_UNDECLARED_SELECTOR = YES;
				GCC_WARN_UNINITIALIZED_AUTOS = YES_AGGRESSIVE;
				GCC_WARN_UNUSED_FUNCTION = YES;
				GCC_WARN_UNUSED_VARIABLE = YES;
				MTL_ENABLE_DEBUG_INFO = NO;
				MTL_FAST_MATH = YES;
				SWIFT_COMPILATION_MODE = wholemodule;
				SWIFT_OPTIMIZATION_LEVEL = "-O";
			};
			name = Release;
		};
		9A78DFC626FBC2E80064A38C /* Debug */ = {
			isa = XCBuildConfiguration;
			buildSettings = {
				ASSETCATALOG_COMPILER_APPICON_NAME = AppIcon;
				ASSETCATALOG_COMPILER_GLOBAL_ACCENT_COLOR_NAME = AccentColor;
				CODE_SIGN_STYLE = Automatic;
				CURRENT_PROJECT_VERSION = 1;
				DEVELOPMENT_TEAM = 7E2AGR6CCB;
				ENABLE_PREVIEWS = YES;
				GENERATE_INFOPLIST_FILE = YES;
				INFOPLIST_KEY_UIApplicationSceneManifest_Generation = YES;
				INFOPLIST_KEY_UIApplicationSupportsIndirectInputEvents = YES;
				INFOPLIST_KEY_UILaunchScreen_Generation = YES;
				INFOPLIST_KEY_UISupportedInterfaceOrientations_iPad = "UIInterfaceOrientationPortrait UIInterfaceOrientationPortraitUpsideDown UIInterfaceOrientationLandscapeLeft UIInterfaceOrientationLandscapeRight";
				INFOPLIST_KEY_UISupportedInterfaceOrientations_iPhone = "UIInterfaceOrientationPortrait UIInterfaceOrientationLandscapeLeft UIInterfaceOrientationLandscapeRight";
				IPHONEOS_DEPLOYMENT_TARGET = 14.0;
				LD_RUNPATH_SEARCH_PATHS = (
					"$(inherited)",
					"@executable_path/Frameworks",
				);
				MARKETING_VERSION = 1.0;
				PRODUCT_BUNDLE_IDENTIFIER = com.jayrhynas.AppPrivacyReportViewer;
				PRODUCT_NAME = AppPrivacyReportViewer;
				SDKROOT = iphoneos;
				SWIFT_EMIT_LOC_STRINGS = YES;
				SWIFT_VERSION = 5.0;
				TARGETED_DEVICE_FAMILY = "1,2";
			};
			name = Debug;
		};
		9A78DFC726FBC2E80064A38C /* Release */ = {
			isa = XCBuildConfiguration;
			buildSettings = {
				ASSETCATALOG_COMPILER_APPICON_NAME = AppIcon;
				ASSETCATALOG_COMPILER_GLOBAL_ACCENT_COLOR_NAME = AccentColor;
				CODE_SIGN_STYLE = Automatic;
				CURRENT_PROJECT_VERSION = 1;
				DEVELOPMENT_TEAM = 7E2AGR6CCB;
				ENABLE_PREVIEWS = YES;
				GENERATE_INFOPLIST_FILE = YES;
				INFOPLIST_KEY_UIApplicationSceneManifest_Generation = YES;
				INFOPLIST_KEY_UIApplicationSupportsIndirectInputEvents = YES;
				INFOPLIST_KEY_UILaunchScreen_Generation = YES;
				INFOPLIST_KEY_UISupportedInterfaceOrientations_iPad = "UIInterfaceOrientationPortrait UIInterfaceOrientationPortraitUpsideDown UIInterfaceOrientationLandscapeLeft UIInterfaceOrientationLandscapeRight";
				INFOPLIST_KEY_UISupportedInterfaceOrientations_iPhone = "UIInterfaceOrientationPortrait UIInterfaceOrientationLandscapeLeft UIInterfaceOrientationLandscapeRight";
				IPHONEOS_DEPLOYMENT_TARGET = 14.0;
				LD_RUNPATH_SEARCH_PATHS = (
					"$(inherited)",
					"@executable_path/Frameworks",
				);
				MARKETING_VERSION = 1.0;
				PRODUCT_BUNDLE_IDENTIFIER = com.jayrhynas.AppPrivacyReportViewer;
				PRODUCT_NAME = AppPrivacyReportViewer;
				SDKROOT = iphoneos;
				SWIFT_EMIT_LOC_STRINGS = YES;
				SWIFT_VERSION = 5.0;
				TARGETED_DEVICE_FAMILY = "1,2";
				VALIDATE_PRODUCT = YES;
			};
			name = Release;
		};
		9A78DFC926FBC2E80064A38C /* Debug */ = {
			isa = XCBuildConfiguration;
			buildSettings = {
				ASSETCATALOG_COMPILER_APPICON_NAME = AppIcon;
				ASSETCATALOG_COMPILER_GLOBAL_ACCENT_COLOR_NAME = AccentColor;
				CODE_SIGN_ENTITLEMENTS = macOS/macOS.entitlements;
				CODE_SIGN_STYLE = Automatic;
				COMBINE_HIDPI_IMAGES = YES;
				CURRENT_PROJECT_VERSION = 1;
				DEVELOPMENT_TEAM = 7E2AGR6CCB;
				ENABLE_HARDENED_RUNTIME = YES;
				ENABLE_PREVIEWS = YES;
				GENERATE_INFOPLIST_FILE = YES;
				INFOPLIST_KEY_NSHumanReadableCopyright = "";
				LD_RUNPATH_SEARCH_PATHS = (
					"$(inherited)",
					"@executable_path/../Frameworks",
				);
				MACOSX_DEPLOYMENT_TARGET = 11.0;
				MARKETING_VERSION = 1.0;
				PRODUCT_BUNDLE_IDENTIFIER = com.jayrhynas.AppPrivacyReportViewer;
				PRODUCT_NAME = AppPrivacyReportViewer;
				SDKROOT = macosx;
				SWIFT_EMIT_LOC_STRINGS = YES;
				SWIFT_VERSION = 5.0;
			};
			name = Debug;
		};
		9A78DFCA26FBC2E80064A38C /* Release */ = {
			isa = XCBuildConfiguration;
			buildSettings = {
				ASSETCATALOG_COMPILER_APPICON_NAME = AppIcon;
				ASSETCATALOG_COMPILER_GLOBAL_ACCENT_COLOR_NAME = AccentColor;
				CODE_SIGN_ENTITLEMENTS = macOS/macOS.entitlements;
				CODE_SIGN_STYLE = Automatic;
				COMBINE_HIDPI_IMAGES = YES;
				CURRENT_PROJECT_VERSION = 1;
				DEVELOPMENT_TEAM = 7E2AGR6CCB;
				ENABLE_HARDENED_RUNTIME = YES;
				ENABLE_PREVIEWS = YES;
				GENERATE_INFOPLIST_FILE = YES;
				INFOPLIST_KEY_NSHumanReadableCopyright = "";
				LD_RUNPATH_SEARCH_PATHS = (
					"$(inherited)",
					"@executable_path/../Frameworks",
				);
				MACOSX_DEPLOYMENT_TARGET = 11.0;
				MARKETING_VERSION = 1.0;
				PRODUCT_BUNDLE_IDENTIFIER = com.jayrhynas.AppPrivacyReportViewer;
				PRODUCT_NAME = AppPrivacyReportViewer;
				SDKROOT = macosx;
				SWIFT_EMIT_LOC_STRINGS = YES;
				SWIFT_VERSION = 5.0;
			};
			name = Release;
		};
/* End XCBuildConfiguration section */

/* Begin XCConfigurationList section */
		9A78DFAB26FBC2E50064A38C /* Build configuration list for PBXProject "AppPrivacyReportViewer" */ = {
			isa = XCConfigurationList;
			buildConfigurations = (
				9A78DFC326FBC2E80064A38C /* Debug */,
				9A78DFC426FBC2E80064A38C /* Release */,
			);
			defaultConfigurationIsVisible = 0;
			defaultConfigurationName = Release;
		};
		9A78DFC526FBC2E80064A38C /* Build configuration list for PBXNativeTarget "AppPrivacyReportViewer (iOS)" */ = {
			isa = XCConfigurationList;
			buildConfigurations = (
				9A78DFC626FBC2E80064A38C /* Debug */,
				9A78DFC726FBC2E80064A38C /* Release */,
			);
			defaultConfigurationIsVisible = 0;
			defaultConfigurationName = Release;
		};
		9A78DFC826FBC2E80064A38C /* Build configuration list for PBXNativeTarget "AppPrivacyReportViewer (macOS)" */ = {
			isa = XCConfigurationList;
			buildConfigurations = (
				9A78DFC926FBC2E80064A38C /* Debug */,
				9A78DFCA26FBC2E80064A38C /* Release */,
			);
			defaultConfigurationIsVisible = 0;
			defaultConfigurationName = Release;
		};
/* End XCConfigurationList section */
	};
	rootObject = 9A78DFA826FBC2E50064A38C /* Project object */;
}
